// !$*UTF8*$!
{
	archiveVersion = 1;
	classes = {
	};
	objectVersion = 45;
	objects = {

/* Begin PBXBuildFile section */
		1D60589B0D05DD56006BFB54 /* main.m in Sources */ = {isa = PBXBuildFile; fileRef = 29B97316FDCFA39411CA2CEA /* main.m */; };
		1D60589F0D05DD5A006BFB54 /* Foundation.framework in Frameworks */ = {isa = PBXBuildFile; fileRef = 1D30AB110D05D00D00671497 /* Foundation.framework */; };
		1DF5F4E00D08C38300B7A737 /* UIKit.framework in Frameworks */ = {isa = PBXBuildFile; fileRef = 1DF5F4DF0D08C38300B7A737 /* UIKit.framework */; };
		288765A50DF7441C002DB57D /* CoreGraphics.framework in Frameworks */ = {isa = PBXBuildFile; fileRef = 288765A40DF7441C002DB57D /* CoreGraphics.framework */; };
		427DD951130F048400F1FCD3 /* autocmplAppDelegate.m in Sources */ = {isa = PBXBuildFile; fileRef = 427DD94C130F048400F1FCD3 /* autocmplAppDelegate.m */; };
		427DD952130F048400F1FCD3 /* autocmplViewController.m in Sources */ = {isa = PBXBuildFile; fileRef = 427DD94E130F048400F1FCD3 /* autocmplViewController.m */; };
		427DD953130F048400F1FCD3 /* autocmplViewController.xib in Resources */ = {isa = PBXBuildFile; fileRef = 427DD94F130F048400F1FCD3 /* autocmplViewController.xib */; };
		427DD954130F048400F1FCD3 /* MainWindow.xib in Resources */ = {isa = PBXBuildFile; fileRef = 427DD950130F048400F1FCD3 /* MainWindow.xib */; };
		42F7B886130F050C00ABF251 /* AutoComplete.m in Sources */ = {isa = PBXBuildFile; fileRef = 42F7B885130F050C00ABF251 /* AutoComplete.m */; };
		42F7B920130F0F2500ABF251 /* AutoCompleteTableViewController.m in Sources */ = {isa = PBXBuildFile; fileRef = 42F7B91F130F0F2500ABF251 /* AutoCompleteTableViewController.m */; };
		42F7B92A130F130D00ABF251 /* AutoCompletePopoverView.xib in Resources */ = {isa = PBXBuildFile; fileRef = 42F7B929130F130D00ABF251 /* AutoCompletePopoverView.xib */; };
		42F7B92E130F134800ABF251 /* AutoCompletePopoverView.m in Sources */ = {isa = PBXBuildFile; fileRef = 42F7B92D130F134800ABF251 /* AutoCompletePopoverView.m */; };
/* End PBXBuildFile section */

/* Begin PBXFileReference section */
		1D30AB110D05D00D00671497 /* Foundation.framework */ = {isa = PBXFileReference; lastKnownFileType = wrapper.framework; name = Foundation.framework; path = System/Library/Frameworks/Foundation.framework; sourceTree = SDKROOT; };
		1D6058910D05DD3D006BFB54 /* autocmpl.app */ = {isa = PBXFileReference; explicitFileType = wrapper.application; includeInIndex = 0; path = autocmpl.app; sourceTree = BUILT_PRODUCTS_DIR; };
		1DF5F4DF0D08C38300B7A737 /* UIKit.framework */ = {isa = PBXFileReference; lastKnownFileType = wrapper.framework; name = UIKit.framework; path = System/Library/Frameworks/UIKit.framework; sourceTree = SDKROOT; };
		288765A40DF7441C002DB57D /* CoreGraphics.framework */ = {isa = PBXFileReference; lastKnownFileType = wrapper.framework; name = CoreGraphics.framework; path = System/Library/Frameworks/CoreGraphics.framework; sourceTree = SDKROOT; };
		29B97316FDCFA39411CA2CEA /* main.m */ = {isa = PBXFileReference; fileEncoding = 4; lastKnownFileType = sourcecode.c.objc; path = main.m; sourceTree = "<group>"; };
		32CA4F630368D1EE00C91783 /* autocmpl_Prefix.pch */ = {isa = PBXFileReference; fileEncoding = 4; lastKnownFileType = sourcecode.c.h; path = autocmpl_Prefix.pch; sourceTree = "<group>"; };
		427DD94B130F048400F1FCD3 /* autocmplAppDelegate.h */ = {isa = PBXFileReference; fileEncoding = 4; lastKnownFileType = sourcecode.c.h; path = autocmplAppDelegate.h; sourceTree = "<group>"; };
		427DD94C130F048400F1FCD3 /* autocmplAppDelegate.m */ = {isa = PBXFileReference; fileEncoding = 4; lastKnownFileType = sourcecode.c.objc; path = autocmplAppDelegate.m; sourceTree = "<group>"; };
		427DD94D130F048400F1FCD3 /* autocmplViewController.h */ = {isa = PBXFileReference; fileEncoding = 4; lastKnownFileType = sourcecode.c.h; path = autocmplViewController.h; sourceTree = "<group>"; };
		427DD94E130F048400F1FCD3 /* autocmplViewController.m */ = {isa = PBXFileReference; fileEncoding = 4; lastKnownFileType = sourcecode.c.objc; path = autocmplViewController.m; sourceTree = "<group>"; };
		427DD94F130F048400F1FCD3 /* autocmplViewController.xib */ = {isa = PBXFileReference; lastKnownFileType = file.xib; path = autocmplViewController.xib; sourceTree = "<group>"; };
		427DD950130F048400F1FCD3 /* MainWindow.xib */ = {isa = PBXFileReference; lastKnownFileType = file.xib; path = MainWindow.xib; sourceTree = "<group>"; };
		42F7B884130F050C00ABF251 /* AutoComplete.h */ = {isa = PBXFileReference; fileEncoding = 4; lastKnownFileType = sourcecode.c.h; path = AutoComplete.h; sourceTree = "<group>"; };
		42F7B885130F050C00ABF251 /* AutoComplete.m */ = {isa = PBXFileReference; fileEncoding = 4; lastKnownFileType = sourcecode.c.objc; path = AutoComplete.m; sourceTree = "<group>"; };
		42F7B91E130F0F2500ABF251 /* AutoCompleteTableViewController.h */ = {isa = PBXFileReference; fileEncoding = 4; lastKnownFileType = sourcecode.c.h; path = AutoCompleteTableViewController.h; sourceTree = "<group>"; };
		42F7B91F130F0F2500ABF251 /* AutoCompleteTableViewController.m */ = {isa = PBXFileReference; fileEncoding = 4; lastKnownFileType = sourcecode.c.objc; path = AutoCompleteTableViewController.m; sourceTree = "<group>"; };
		42F7B929130F130D00ABF251 /* AutoCompletePopoverView.xib */ = {isa = PBXFileReference; lastKnownFileType = file.xib; path = AutoCompletePopoverView.xib; sourceTree = "<group>"; };
		42F7B92C130F134800ABF251 /* AutoCompletePopoverView.h */ = {isa = PBXFileReference; fileEncoding = 4; lastKnownFileType = sourcecode.c.h; path = AutoCompletePopoverView.h; sourceTree = "<group>"; };
		42F7B92D130F134800ABF251 /* AutoCompletePopoverView.m */ = {isa = PBXFileReference; fileEncoding = 4; lastKnownFileType = sourcecode.c.objc; path = AutoCompletePopoverView.m; sourceTree = "<group>"; };
		8D1107310486CEB800E47090 /* autocmpl-Info.plist */ = {isa = PBXFileReference; fileEncoding = 4; lastKnownFileType = text.plist.xml; path = "autocmpl-Info.plist"; plistStructureDefinitionIdentifier = "com.apple.xcode.plist.structure-definition.iphone.info-plist"; sourceTree = "<group>"; };
/* End PBXFileReference section */

/* Begin PBXFrameworksBuildPhase section */
		1D60588F0D05DD3D006BFB54 /* Frameworks */ = {
			isa = PBXFrameworksBuildPhase;
			buildActionMask = 2147483647;
			files = (
				1D60589F0D05DD5A006BFB54 /* Foundation.framework in Frameworks */,
				1DF5F4E00D08C38300B7A737 /* UIKit.framework in Frameworks */,
				288765A50DF7441C002DB57D /* CoreGraphics.framework in Frameworks */,
			);
			runOnlyForDeploymentPostprocessing = 0;
		};
/* End PBXFrameworksBuildPhase section */

/* Begin PBXGroup section */
		19C28FACFE9D520D11CA2CBB /* Products */ = {
			isa = PBXGroup;
			children = (
				1D6058910D05DD3D006BFB54 /* autocmpl.app */,
			);
			name = Products;
			sourceTree = "<group>";
		};
		29B97314FDCFA39411CA2CEA /* CustomTemplate */ = {
			isa = PBXGroup;
			children = (
				42F7B883130F04F900ABF251 /* AutoCmpl */,
				427DD94A130F048400F1FCD3 /* Demo */,
				29B97315FDCFA39411CA2CEA /* Other Sources */,
				29B97317FDCFA39411CA2CEA /* Resources */,
				29B97323FDCFA39411CA2CEA /* Frameworks */,
				19C28FACFE9D520D11CA2CBB /* Products */,
			);
			name = CustomTemplate;
			sourceTree = "<group>";
		};
		29B97315FDCFA39411CA2CEA /* Other Sources */ = {
			isa = PBXGroup;
			children = (
				32CA4F630368D1EE00C91783 /* autocmpl_Prefix.pch */,
				29B97316FDCFA39411CA2CEA /* main.m */,
			);
			name = "Other Sources";
			sourceTree = "<group>";
		};
		29B97317FDCFA39411CA2CEA /* Resources */ = {
			isa = PBXGroup;
			children = (
				8D1107310486CEB800E47090 /* autocmpl-Info.plist */,
			);
			name = Resources;
			sourceTree = "<group>";
		};
		29B97323FDCFA39411CA2CEA /* Frameworks */ = {
			isa = PBXGroup;
			children = (
				1DF5F4DF0D08C38300B7A737 /* UIKit.framework */,
				1D30AB110D05D00D00671497 /* Foundation.framework */,
				288765A40DF7441C002DB57D /* CoreGraphics.framework */,
			);
			name = Frameworks;
			sourceTree = "<group>";
		};
		427DD94A130F048400F1FCD3 /* Demo */ = {
			isa = PBXGroup;
			children = (
				427DD94B130F048400F1FCD3 /* autocmplAppDelegate.h */,
				427DD94C130F048400F1FCD3 /* autocmplAppDelegate.m */,
				427DD94D130F048400F1FCD3 /* autocmplViewController.h */,
				427DD94E130F048400F1FCD3 /* autocmplViewController.m */,
				427DD94F130F048400F1FCD3 /* autocmplViewController.xib */,
				427DD950130F048400F1FCD3 /* MainWindow.xib */,
			);
			path = Demo;
			sourceTree = "<group>";
		};
		42F7B883130F04F900ABF251 /* AutoCmpl */ = {
			isa = PBXGroup;
			children = (
				42F7B884130F050C00ABF251 /* AutoComplete.h */,
				42F7B885130F050C00ABF251 /* AutoComplete.m */,
				42F7B91E130F0F2500ABF251 /* AutoCompleteTableViewController.h */,
				42F7B91F130F0F2500ABF251 /* AutoCompleteTableViewController.m */,
				42F7B929130F130D00ABF251 /* AutoCompletePopoverView.xib */,
				42F7B92C130F134800ABF251 /* AutoCompletePopoverView.h */,
				42F7B92D130F134800ABF251 /* AutoCompletePopoverView.m */,
			);
			path = AutoCmpl;
			sourceTree = "<group>";
		};
/* End PBXGroup section */

/* Begin PBXNativeTarget section */
		1D6058900D05DD3D006BFB54 /* autocmpl */ = {
			isa = PBXNativeTarget;
			buildConfigurationList = 1D6058960D05DD3E006BFB54 /* Build configuration list for PBXNativeTarget "autocmpl" */;
			buildPhases = (
				1D60588D0D05DD3D006BFB54 /* Resources */,
				1D60588E0D05DD3D006BFB54 /* Sources */,
				1D60588F0D05DD3D006BFB54 /* Frameworks */,
			);
			buildRules = (
			);
			dependencies = (
			);
			name = autocmpl;
			productName = autocmpl;
			productReference = 1D6058910D05DD3D006BFB54 /* autocmpl.app */;
			productType = "com.apple.product-type.application";
		};
/* End PBXNativeTarget section */

/* Begin PBXProject section */
		29B97313FDCFA39411CA2CEA /* Project object */ = {
			isa = PBXProject;
			buildConfigurationList = C01FCF4E08A954540054247B /* Build configuration list for PBXProject "autocmpl" */;
			compatibilityVersion = "Xcode 3.1";
			developmentRegion = English;
			hasScannedForEncodings = 1;
			knownRegions = (
				English,
				Japanese,
				French,
				German,
			);
			mainGroup = 29B97314FDCFA39411CA2CEA /* CustomTemplate */;
			projectDirPath = "";
			projectRoot = "";
			targets = (
				1D6058900D05DD3D006BFB54 /* autocmpl */,
			);
		};
/* End PBXProject section */

/* Begin PBXResourcesBuildPhase section */
		1D60588D0D05DD3D006BFB54 /* Resources */ = {
			isa = PBXResourcesBuildPhase;
			buildActionMask = 2147483647;
			files = (
				427DD953130F048400F1FCD3 /* autocmplViewController.xib in Resources */,
				427DD954130F048400F1FCD3 /* MainWindow.xib in Resources */,
				42F7B92A130F130D00ABF251 /* AutoCompletePopoverView.xib in Resources */,
			);
			runOnlyForDeploymentPostprocessing = 0;
		};
/* End PBXResourcesBuildPhase section */

/* Begin PBXSourcesBuildPhase section */
		1D60588E0D05DD3D006BFB54 /* Sources */ = {
			isa = PBXSourcesBuildPhase;
			buildActionMask = 2147483647;
			files = (
				1D60589B0D05DD56006BFB54 /* main.m in Sources */,
				427DD951130F048400F1FCD3 /* autocmplAppDelegate.m in Sources */,
				427DD952130F048400F1FCD3 /* autocmplViewController.m in Sources */,
				42F7B886130F050C00ABF251 /* AutoComplete.m in Sources */,
				42F7B920130F0F2500ABF251 /* AutoCompleteTableViewController.m in Sources */,
				42F7B92E130F134800ABF251 /* AutoCompletePopoverView.m in Sources */,
			);
			runOnlyForDeploymentPostprocessing = 0;
		};
/* End PBXSourcesBuildPhase section */

/* Begin XCBuildConfiguration section */
		1D6058940D05DD3E006BFB54 /* Debug */ = {
			isa = XCBuildConfiguration;
			buildSettings = {
				ALWAYS_SEARCH_USER_PATHS = NO;
				COPY_PHASE_STRIP = NO;
				GCC_DYNAMIC_NO_PIC = NO;
				GCC_OPTIMIZATION_LEVEL = 0;
				GCC_PRECOMPILE_PREFIX_HEADER = YES;
				GCC_PREFIX_HEADER = autocmpl_Prefix.pch;
				INFOPLIST_FILE = "autocmpl-Info.plist";
				PRODUCT_NAME = autocmpl;
			};
			name = Debug;
		};
		1D6058950D05DD3E006BFB54 /* Release */ = {
			isa = XCBuildConfiguration;
			buildSettings = {
				ALWAYS_SEARCH_USER_PATHS = NO;
				COPY_PHASE_STRIP = YES;
				GCC_PRECOMPILE_PREFIX_HEADER = YES;
				GCC_PREFIX_HEADER = autocmpl_Prefix.pch;
				INFOPLIST_FILE = "autocmpl-Info.plist";
				PRODUCT_NAME = autocmpl;
				VALIDATE_PRODUCT = YES;
			};
			name = Release;
		};
		C01FCF4F08A954540054247B /* Debug */ = {
			isa = XCBuildConfiguration;
			buildSettings = {
				ARCHS = "$(ARCHS_UNIVERSAL_IPHONE_OS)";
				"CODE_SIGN_IDENTITY[sdk=iphoneos*]" = "iPhone Developer";
				GCC_C_LANGUAGE_STANDARD = c99;
				GCC_WARN_ABOUT_RETURN_TYPE = YES;
				GCC_WARN_UNUSED_VARIABLE = YES;
				PREBINDING = NO;
				SDKROOT = iphoneos;
				TARGETED_DEVICE_FAMILY = 2;
			};
			name = Debug;
		};
		C01FCF5008A954540054247B /* Release */ = {
			isa = XCBuildConfiguration;
			buildSettings = {
				ARCHS = "$(ARCHS_UNIVERSAL_IPHONE_OS)";
				"CODE_SIGN_IDENTITY[sdk=iphoneos*]" = "iPhone Developer";
				GCC_C_LANGUAGE_STANDARD = c99;
				GCC_WARN_ABOUT_RETURN_TYPE = YES;
				GCC_WARN_UNUSED_VARIABLE = YES;
				OTHER_CFLAGS = "-DNS_BLOCK_ASSERTIONS=1";
				PREBINDING = NO;
				SDKROOT = iphoneos;
				TARGETED_DEVICE_FAMILY = 2;
			};
			name = Release;
		};
/* End XCBuildConfiguration section */

/* Begin XCConfigurationList section */
		1D6058960D05DD3E006BFB54 /* Build configuration list for PBXNativeTarget "autocmpl" */ = {
			isa = XCConfigurationList;
			buildConfigurations = (
				1D6058940D05DD3E006BFB54 /* Debug */,
				1D6058950D05DD3E006BFB54 /* Release */,
			);
			defaultConfigurationIsVisible = 0;
			defaultConfigurationName = Release;
		};
		C01FCF4E08A954540054247B /* Build configuration list for PBXProject "autocmpl" */ = {
			isa = XCConfigurationList;
			buildConfigurations = (
				C01FCF4F08A954540054247B /* Debug */,
				C01FCF5008A954540054247B /* Release */,
			);
			defaultConfigurationIsVisible = 0;
			defaultConfigurationName = Release;
		};
/* End XCConfigurationList section */
	};
	rootObject = 29B97313FDCFA39411CA2CEA /* Project object */;
}
